
Microsoft Visual Studio Solution File, Format Version 12.00
# Visual Studio 15
Project("{FAE04EC0-301F-11D3-BF4B-00C04F79EFBC}") = "UnityEngine.UI", "UnityEngine.UI.csproj", "{1651B2DD-85CE-3EE0-19E0-243A97081ED9}"
EndProject
Project("{FAE04EC0-301F-11D3-BF4B-00C04F79EFBC}") = "Assembly-CSharp", "Assembly-CSharp.csproj", "{C33E057C-8061-EBA6-4AE7-4E5F6928556A}"
EndProject
Project("{FAE04EC0-301F-11D3-BF4B-00C04F79EFBC}") = "Unity.2D.Sprite.Editor", "Unity.2D.Sprite.Editor.csproj", "{5949F8AB-6305-4239-F936-C5002C499F25}"
EndProject
Project("{FAE04EC0-301F-11D3-BF4B-00C04F79EFBC}") = "UnityEditor.UI", "UnityEditor.UI.csproj", "{5F777E98-784F-07D7-5088-4AEAE6A84DA1}"
EndProject
Project("{FAE04EC0-301F-11D3-BF4B-00C04F79EFBC}") = "Unity.2D.Tilemap.Editor", "Unity.2D.Tilemap.Editor.csproj", "{2F6632BD-2651-394A-4AB9-702E236F783D}"
EndProject
Global
	GlobalSection(SolutionConfigurationPlatforms) = preSolution
		Debug|Any CPU = Debug|Any CPU
		Release|Any CPU = Release|Any CPU
	EndGlobalSection
	GlobalSection(ProjectConfigurationPlatforms) = postSolution
		{1651B2DD-85CE-3EE0-19E0-243A97081ED9}.Debug|Any CPU.ActiveCfg = Debug|Any CPU
		{1651B2DD-85CE-3EE0-19E0-243A97081ED9}.Debug|Any CPU.Build.0 = Debug|Any CPU
		{1651B2DD-85CE-3EE0-19E0-243A97081ED9}.Release|Any CPU.ActiveCfg = Release|Any CPU
		{1651B2DD-85CE-3EE0-19E0-243A97081ED9}.Release|Any CPU.Build.0 = Release|Any CPU
		{C33E057C-8061-EBA6-4AE7-4E5F6928556A}.Debug|Any CPU.ActiveCfg = Debug|Any CPU
		{C33E057C-8061-EBA6-4AE7-4E5F6928556A}.Debug|Any CPU.Build.0 = Debug|Any CPU
		{C33E057C-8061-EBA6-4AE7-4E5F6928556A}.Release|Any CPU.ActiveCfg = Release|Any CPU
		{C33E057C-8061-EBA6-4AE7-4E5F6928556A}.Release|Any CPU.Build.0 = Release|Any CPU
		{5949F8AB-6305-4239-F936-C5002C499F25}.Debug|Any CPU.ActiveCfg = Debug|Any CPU
		{5949F8AB-6305-4239-F936-C5002C499F25}.Debug|Any CPU.Build.0 = Debug|Any CPU
		{5949F8AB-6305-4239-F936-C5002C499F25}.Release|Any CPU.ActiveCfg = Release|Any CPU
		{5949F8AB-6305-4239-F936-C5002C499F25}.Release|Any CPU.Build.0 = Release|Any CPU
		{5F777E98-784F-07D7-5088-4AEAE6A84DA1}.Debug|Any CPU.ActiveCfg = Debug|Any CPU
		{5F777E98-784F-07D7-5088-4AEAE6A84DA1}.Debug|Any CPU.Build.0 = Debug|Any CPU
		{5F777E98-784F-07D7-5088-4AEAE6A84DA1}.Release|Any CPU.ActiveCfg = Release|Any CPU
		{5F777E98-784F-07D7-5088-4AEAE6A84DA1}.Release|Any CPU.Build.0 = Release|Any CPU
		{2F6632BD-2651-394A-4AB9-702E236F783D}.Debug|Any CPU.ActiveCfg = Debug|Any CPU
		{2F6632BD-2651-394A-4AB9-702E236F783D}.Debug|Any CPU.Build.0 = Debug|Any CPU
		{2F6632BD-2651-394A-4AB9-702E236F783D}.Release|Any CPU.ActiveCfg = Release|Any CPU
		{2F6632BD-2651-394A-4AB9-702E236F783D}.Release|Any CPU.Build.0 = Release|Any CPU
	EndGlobalSection
	GlobalSection(SolutionProperties) = preSolution
		HideSolutionNode = FALSE
	EndGlobalSection
EndGlobal
